// !$*UTF8*$!
{
	archiveVersion = 1;
	classes = {
	};
	objectVersion = 46;
	objects = {

/* Begin PBXBuildFile section */
		EB3923D9C420B2F9D3A4A65A /* libPods.a in Frameworks */ = {isa = PBXBuildFile; fileRef = 54F867C7B789C449B13574AF /* libPods.a */; };
		F52034B01A9F3D4E007ABAF7 /* BBViewController.m in Sources */ = {isa = PBXBuildFile; fileRef = F52034AE1A9F3D4E007ABAF7 /* BBViewController.m */; };
		F52034B51A9F4935007ABAF7 /* BBRegisterViewController.m in Sources */ = {isa = PBXBuildFile; fileRef = F52034B31A9F4935007ABAF7 /* BBRegisterViewController.m */; };
		F52034BA1AA010A7007ABAF7 /* RNFrostedSidebar.m in Sources */ = {isa = PBXBuildFile; fileRef = F52034B91AA010A7007ABAF7 /* RNFrostedSidebar.m */; };
		F52034C91AA02B03007ABAF7 /* burger.png in Resources */ = {isa = PBXBuildFile; fileRef = F52034C51AA02B03007ABAF7 /* burger.png */; };
		F52034CA1AA02B03007ABAF7 /* burger@2x.png in Resources */ = {isa = PBXBuildFile; fileRef = F52034C61AA02B03007ABAF7 /* burger@2x.png */; };
		F52034CB1AA02B03007ABAF7 /* gear.png in Resources */ = {isa = PBXBuildFile; fileRef = F52034C71AA02B03007ABAF7 /* gear.png */; };
		F52034CC1AA02B03007ABAF7 /* gear@2x.png in Resources */ = {isa = PBXBuildFile; fileRef = F52034C81AA02B03007ABAF7 /* gear@2x.png */; };
		F52034CE1AA02B43007ABAF7 /* keypad.png in Resources */ = {isa = PBXBuildFile; fileRef = F52034CD1AA02B43007ABAF7 /* keypad.png */; };
		F52034D11AA02BE4007ABAF7 /* BBSettingsTableViewController.m in Sources */ = {isa = PBXBuildFile; fileRef = F52034D01AA02BE4007ABAF7 /* BBSettingsTableViewController.m */; };
		F52034D51AA030AC007ABAF7 /* BBLoginViewController.m in Sources */ = {isa = PBXBuildFile; fileRef = F52034D31AA030AC007ABAF7 /* BBLoginViewController.m */; };
		F52034D81AA03429007ABAF7 /* like.png in Resources */ = {isa = PBXBuildFile; fileRef = F52034D71AA03429007ABAF7 /* like.png */; };
		F52034E21AA03BFF007ABAF7 /* btn_close_normal.png in Resources */ = {isa = PBXBuildFile; fileRef = F52034DC1AA03BFF007ABAF7 /* btn_close_normal.png */; };
		F52034E31AA03BFF007ABAF7 /* btn_close_normal@2x.png in Resources */ = {isa = PBXBuildFile; fileRef = F52034DD1AA03BFF007ABAF7 /* btn_close_normal@2x.png */; };
		F52034E41AA03BFF007ABAF7 /* btn_close_selected.png in Resources */ = {isa = PBXBuildFile; fileRef = F52034DE1AA03BFF007ABAF7 /* btn_close_selected.png */; };
		F52034E51AA03BFF007ABAF7 /* btn_close_selected@2x.png in Resources */ = {isa = PBXBuildFile; fileRef = F52034DF1AA03BFF007ABAF7 /* btn_close_selected@2x.png */; };
		F52034E61AA03BFF007ABAF7 /* DXAlertView.m in Sources */ = {isa = PBXBuildFile; fileRef = F52034E11AA03BFF007ABAF7 /* DXAlertView.m */; };
		F52034EB1AA07725007ABAF7 /* BBBook.m in Sources */ = {isa = PBXBuildFile; fileRef = F52034EA1AA07725007ABAF7 /* BBBook.m */; };
		F52034EE1AA07931007ABAF7 /* BBBookManager.m in Sources */ = {isa = PBXBuildFile; fileRef = F52034ED1AA07931007ABAF7 /* BBBookManager.m */; };
		F52034F71AA1B81A007ABAF7 /* BBMyBooksViewController.m in Sources */ = {isa = PBXBuildFile; fileRef = F52034F61AA1B81A007ABAF7 /* BBMyBooksViewController.m */; };
		F52035131AA40060007ABAF7 /* BBAddBookViewController.m in Sources */ = {isa = PBXBuildFile; fileRef = F52035111AA40060007ABAF7 /* BBAddBookViewController.m */; };
		F52035141AA40060007ABAF7 /* BBAddBookViewController.xib in Resources */ = {isa = PBXBuildFile; fileRef = F52035121AA40060007ABAF7 /* BBAddBookViewController.xib */; };
		F53A808B1AA8241E00DF6D2C /* XLFormImageSelectorCell.m in Sources */ = {isa = PBXBuildFile; fileRef = F53A80881AA8241E00DF6D2C /* XLFormImageSelectorCell.m */; };
		F53A808C1AA8241E00DF6D2C /* XLFormCustomCell.m in Sources */ = {isa = PBXBuildFile; fileRef = F53A808A1AA8241E00DF6D2C /* XLFormCustomCell.m */; };
		F5579BAA1AA5593800743495 /* user.png in Resources */ = {isa = PBXBuildFile; fileRef = F5579BA91AA5593800743495 /* user.png */; };
		F5579BAD1AA55BB600743495 /* BBSetUserViewController.m in Sources */ = {isa = PBXBuildFile; fileRef = F5579BAC1AA55BB600743495 /* BBSetUserViewController.m */; };
		F5579BB01AA55FF400743495 /* BBUser.m in Sources */ = {isa = PBXBuildFile; fileRef = F5579BAF1AA55FF400743495 /* BBUser.m */; };
		F5579BB31AA5805900743495 /* BBChangePasswordViewController.m in Sources */ = {isa = PBXBuildFile; fileRef = F5579BB21AA5805900743495 /* BBChangePasswordViewController.m */; };
		F5579BB61AA5876600743495 /* BBTucaoViewController.m in Sources */ = {isa = PBXBuildFile; fileRef = F5579BB51AA5876600743495 /* BBTucaoViewController.m */; };
		F5579BB91AA590A400743495 /* BBForgetPasswordViewController.m in Sources */ = {isa = PBXBuildFile; fileRef = F5579BB81AA590A400743495 /* BBForgetPasswordViewController.m */; };
		F5626DAB1AA8311F00123B3D /* BBAboutmeViewController.m in Sources */ = {isa = PBXBuildFile; fileRef = F5626DAA1AA8311F00123B3D /* BBAboutmeViewController.m */; };
		F567B22B1AA7283600DCF521 /* BaseDetailViewController.m in Sources */ = {isa = PBXBuildFile; fileRef = F567B2291AA7283600DCF521 /* BaseDetailViewController.m */; };
		F567B22C1AA7283600DCF521 /* BaseDetailViewController.xib in Resources */ = {isa = PBXBuildFile; fileRef = F567B22A1AA7283600DCF521 /* BaseDetailViewController.xib */; };
		F57AC4FE1AA4541400FC4979 /* BBBookDetailViewController.m in Sources */ = {isa = PBXBuildFile; fileRef = F57AC4FC1AA4541400FC4979 /* BBBookDetailViewController.m */; };
		F57AC4FF1AA4541400FC4979 /* BBBookDetailViewController.xib in Resources */ = {isa = PBXBuildFile; fileRef = F57AC4FD1AA4541400FC4979 /* BBBookDetailViewController.xib */; };
		F57AC50B1AA47F1B00FC4979 /* share.png in Resources */ = {isa = PBXBuildFile; fileRef = F57AC50A1AA47F1B00FC4979 /* share.png */; };
		F57AC50F1AA47F5600FC4979 /* BBUserDetailViewController.m in Sources */ = {isa = PBXBuildFile; fileRef = F57AC50D1AA47F5600FC4979 /* BBUserDetailViewController.m */; };
		F57AC5101AA47F5600FC4979 /* BBUserDetailViewController.xib in Resources */ = {isa = PBXBuildFile; fileRef = F57AC50E1AA47F5600FC4979 /* BBUserDetailViewController.xib */; };
		F57AC5131AA47FB800FC4979 /* BBUserManager.m in Sources */ = {isa = PBXBuildFile; fileRef = F57AC5121AA47FB800FC4979 /* BBUserManager.m */; };
		F57AC52F1AA484B300FC4979 /* UMSocialLocalizable.strings in Resources */ = {isa = PBXBuildFile; fileRef = F57AC5151AA484B300FC4979 /* UMSocialLocalizable.strings */; };
		F57AC5301AA484B300FC4979 /* libUMSocial_Sdk_4.2.1.a in Frameworks */ = {isa = PBXBuildFile; fileRef = F57AC5231AA484B300FC4979 /* libUMSocial_Sdk_4.2.1.a */; };
		F57AC5311AA484B300FC4979 /* UMSCommentDetailController.xib in Resources */ = {isa = PBXBuildFile; fileRef = F57AC5251AA484B300FC4979 /* UMSCommentDetailController.xib */; };
		F57AC5321AA484B300FC4979 /* UMSCommentInputController.xib in Resources */ = {isa = PBXBuildFile; fileRef = F57AC5261AA484B300FC4979 /* UMSCommentInputController.xib */; };
		F57AC5331AA484B300FC4979 /* UMSCommentInputControlleriPad.xib in Resources */ = {isa = PBXBuildFile; fileRef = F57AC5271AA484B300FC4979 /* UMSCommentInputControlleriPad.xib */; };
		F57AC5341AA484B300FC4979 /* UMShareEditViewController.xib in Resources */ = {isa = PBXBuildFile; fileRef = F57AC5281AA484B300FC4979 /* UMShareEditViewController.xib */; };
		F57AC5351AA484B300FC4979 /* UMShareEditViewControlleriPad.xib in Resources */ = {isa = PBXBuildFile; fileRef = F57AC5291AA484B300FC4979 /* UMShareEditViewControlleriPad.xib */; };
		F57AC5361AA484B300FC4979 /* UMSLoginViewController.xib in Resources */ = {isa = PBXBuildFile; fileRef = F57AC52A1AA484B300FC4979 /* UMSLoginViewController.xib */; };
		F57AC5371AA484B300FC4979 /* UMSnsAccountViewController.xib in Resources */ = {isa = PBXBuildFile; fileRef = F57AC52B1AA484B300FC4979 /* UMSnsAccountViewController.xib */; };
		F57AC5381AA484B300FC4979 /* UMSShareListController.xib in Resources */ = {isa = PBXBuildFile; fileRef = F57AC52C1AA484B300FC4979 /* UMSShareListController.xib */; };
		F57AC5391AA484B300FC4979 /* UMSocialSDKResourcesNew.bundle in Resources */ = {isa = PBXBuildFile; fileRef = F57AC52D1AA484B300FC4979 /* UMSocialSDKResourcesNew.bundle */; };
		F57AC53D1AA4868400FC4979 /* BBEditBookViewController.m in Sources */ = {isa = PBXBuildFile; fileRef = F57AC53B1AA4868400FC4979 /* BBEditBookViewController.m */; };
		F57AC53E1AA4868400FC4979 /* BBEditBookViewController.xib in Resources */ = {isa = PBXBuildFile; fileRef = F57AC53C1AA4868400FC4979 /* BBEditBookViewController.xib */; };
		F5E74CF21A9B34880046E70F /* main.m in Sources */ = {isa = PBXBuildFile; fileRef = F5E74CF11A9B34880046E70F /* main.m */; };
		F5E74CF51A9B34880046E70F /* AppDelegate.m in Sources */ = {isa = PBXBuildFile; fileRef = F5E74CF41A9B34880046E70F /* AppDelegate.m */; };
		F5E74D001A9B34880046E70F /* Images.xcassets in Resources */ = {isa = PBXBuildFile; fileRef = F5E74CFF1A9B34880046E70F /* Images.xcassets */; };
		F5E74D031A9B34880046E70F /* LaunchScreen.xib in Resources */ = {isa = PBXBuildFile; fileRef = F5E74D011A9B34880046E70F /* LaunchScreen.xib */; };
		F5E74D0F1A9B34880046E70F /* BlackBooksTests.m in Sources */ = {isa = PBXBuildFile; fileRef = F5E74D0E1A9B34880046E70F /* BlackBooksTests.m */; };
/* End PBXBuildFile section */

/* Begin PBXContainerItemProxy section */
		F5E74D091A9B34880046E70F /* PBXContainerItemProxy */ = {
			isa = PBXContainerItemProxy;
			containerPortal = F5E74CE41A9B34880046E70F /* Project object */;
			proxyType = 1;
			remoteGlobalIDString = F5E74CEB1A9B34880046E70F;
			remoteInfo = BlackBooks;
		};
/* End PBXContainerItemProxy section */

/* Begin PBXFileReference section */
		171622898261545704640229 /* Pods.debug.xcconfig */ = {isa = PBXFileReference; includeInIndex = 1; lastKnownFileType = text.xcconfig; name = Pods.debug.xcconfig; path = "Pods/Target Support Files/Pods/Pods.debug.xcconfig"; sourceTree = "<group>"; };
		54F867C7B789C449B13574AF /* libPods.a */ = {isa = PBXFileReference; explicitFileType = archive.ar; includeInIndex = 0; path = libPods.a; sourceTree = BUILT_PRODUCTS_DIR; };
		85A13BB41BB47ED5097DFA05 /* Pods.release.xcconfig */ = {isa = PBXFileReference; includeInIndex = 1; lastKnownFileType = text.xcconfig; name = Pods.release.xcconfig; path = "Pods/Target Support Files/Pods/Pods.release.xcconfig"; sourceTree = "<group>"; };
		F52034AD1A9F3D4E007ABAF7 /* BBViewController.h */ = {isa = PBXFileReference; fileEncoding = 4; lastKnownFileType = sourcecode.c.h; path = BBViewController.h; sourceTree = "<group>"; };
		F52034AE1A9F3D4E007ABAF7 /* BBViewController.m */ = {isa = PBXFileReference; fileEncoding = 4; lastKnownFileType = sourcecode.c.objc; path = BBViewController.m; sourceTree = "<group>"; };
		F52034B21A9F4935007ABAF7 /* BBRegisterViewController.h */ = {isa = PBXFileReference; fileEncoding = 4; lastKnownFileType = sourcecode.c.h; path = BBRegisterViewController.h; sourceTree = "<group>"; };
		F52034B31A9F4935007ABAF7 /* BBRegisterViewController.m */ = {isa = PBXFileReference; fileEncoding = 4; lastKnownFileType = sourcecode.c.objc; path = BBRegisterViewController.m; sourceTree = "<group>"; };
		F52034B81AA010A7007ABAF7 /* RNFrostedSidebar.h */ = {isa = PBXFileReference; fileEncoding = 4; lastKnownFileType = sourcecode.c.h; path = RNFrostedSidebar.h; sourceTree = "<group>"; };
		F52034B91AA010A7007ABAF7 /* RNFrostedSidebar.m */ = {isa = PBXFileReference; fileEncoding = 4; lastKnownFileType = sourcecode.c.objc; path = RNFrostedSidebar.m; sourceTree = "<group>"; };
		F52034C51AA02B03007ABAF7 /* burger.png */ = {isa = PBXFileReference; lastKnownFileType = image.png; name = burger.png; path = image/burger.png; sourceTree = "<group>"; };
		F52034C61AA02B03007ABAF7 /* burger@2x.png */ = {isa = PBXFileReference; lastKnownFileType = image.png; name = "burger@2x.png"; path = "image/burger@2x.png"; sourceTree = "<group>"; };
		F52034C71AA02B03007ABAF7 /* gear.png */ = {isa = PBXFileReference; lastKnownFileType = image.png; name = gear.png; path = image/gear.png; sourceTree = "<group>"; };
		F52034C81AA02B03007ABAF7 /* gear@2x.png */ = {isa = PBXFileReference; lastKnownFileType = image.png; name = "gear@2x.png"; path = "image/gear@2x.png"; sourceTree = "<group>"; };
		F52034CD1AA02B43007ABAF7 /* keypad.png */ = {isa = PBXFileReference; lastKnownFileType = image.png; name = keypad.png; path = image/keypad.png; sourceTree = "<group>"; };
		F52034CF1AA02BE4007ABAF7 /* BBSettingsTableViewController.h */ = {isa = PBXFileReference; fileEncoding = 4; lastKnownFileType = sourcecode.c.h; path = BBSettingsTableViewController.h; sourceTree = "<group>"; };
		F52034D01AA02BE4007ABAF7 /* BBSettingsTableViewController.m */ = {isa = PBXFileReference; fileEncoding = 4; lastKnownFileType = sourcecode.c.objc; path = BBSettingsTableViewController.m; sourceTree = "<group>"; };
		F52034D21AA030AC007ABAF7 /* BBLoginViewController.h */ = {isa = PBXFileReference; fileEncoding = 4; lastKnownFileType = sourcecode.c.h; path = BBLoginViewController.h; sourceTree = "<group>"; };
		F52034D31AA030AC007ABAF7 /* BBLoginViewController.m */ = {isa = PBXFileReference; fileEncoding = 4; lastKnownFileType = sourcecode.c.objc; path = BBLoginViewController.m; sourceTree = "<group>"; };
		F52034D71AA03429007ABAF7 /* like.png */ = {isa = PBXFileReference; lastKnownFileType = image.png; name = like.png; path = image/like.png; sourceTree = "<group>"; };
		F52034DC1AA03BFF007ABAF7 /* btn_close_normal.png */ = {isa = PBXFileReference; lastKnownFileType = image.png; path = btn_close_normal.png; sourceTree = "<group>"; };
		F52034DD1AA03BFF007ABAF7 /* btn_close_normal@2x.png */ = {isa = PBXFileReference; lastKnownFileType = image.png; path = "btn_close_normal@2x.png"; sourceTree = "<group>"; };
		F52034DE1AA03BFF007ABAF7 /* btn_close_selected.png */ = {isa = PBXFileReference; lastKnownFileType = image.png; path = btn_close_selected.png; sourceTree = "<group>"; };
		F52034DF1AA03BFF007ABAF7 /* btn_close_selected@2x.png */ = {isa = PBXFileReference; lastKnownFileType = image.png; path = "btn_close_selected@2x.png"; sourceTree = "<group>"; };
		F52034E01AA03BFF007ABAF7 /* DXAlertView.h */ = {isa = PBXFileReference; fileEncoding = 4; lastKnownFileType = sourcecode.c.h; path = DXAlertView.h; sourceTree = "<group>"; };
		F52034E11AA03BFF007ABAF7 /* DXAlertView.m */ = {isa = PBXFileReference; fileEncoding = 4; lastKnownFileType = sourcecode.c.objc; path = DXAlertView.m; sourceTree = "<group>"; };
		F52034E91AA07725007ABAF7 /* BBBook.h */ = {isa = PBXFileReference; fileEncoding = 4; lastKnownFileType = sourcecode.c.h; path = BBBook.h; sourceTree = "<group>"; };
		F52034EA1AA07725007ABAF7 /* BBBook.m */ = {isa = PBXFileReference; fileEncoding = 4; lastKnownFileType = sourcecode.c.objc; path = BBBook.m; sourceTree = "<group>"; };
		F52034EC1AA07931007ABAF7 /* BBBookManager.h */ = {isa = PBXFileReference; fileEncoding = 4; lastKnownFileType = sourcecode.c.h; path = BBBookManager.h; sourceTree = "<group>"; };
		F52034ED1AA07931007ABAF7 /* BBBookManager.m */ = {isa = PBXFileReference; fileEncoding = 4; lastKnownFileType = sourcecode.c.objc; path = BBBookManager.m; sourceTree = "<group>"; };
		F52034F51AA1B81A007ABAF7 /* BBMyBooksViewController.h */ = {isa = PBXFileReference; fileEncoding = 4; lastKnownFileType = sourcecode.c.h; path = BBMyBooksViewController.h; sourceTree = "<group>"; };
		F52034F61AA1B81A007ABAF7 /* BBMyBooksViewController.m */ = {isa = PBXFileReference; fileEncoding = 4; lastKnownFileType = sourcecode.c.objc; path = BBMyBooksViewController.m; sourceTree = "<group>"; };
		F52035101AA40060007ABAF7 /* BBAddBookViewController.h */ = {isa = PBXFileReference; fileEncoding = 4; lastKnownFileType = sourcecode.c.h; path = BBAddBookViewController.h; sourceTree = "<group>"; };
		F52035111AA40060007ABAF7 /* BBAddBookViewController.m */ = {isa = PBXFileReference; fileEncoding = 4; lastKnownFileType = sourcecode.c.objc; path = BBAddBookViewController.m; sourceTree = "<group>"; };
		F52035121AA40060007ABAF7 /* BBAddBookViewController.xib */ = {isa = PBXFileReference; fileEncoding = 4; lastKnownFileType = file.xib; path = BBAddBookViewController.xib; sourceTree = "<group>"; };
		F53A80871AA8241E00DF6D2C /* XLFormImageSelectorCell.h */ = {isa = PBXFileReference; fileEncoding = 4; lastKnownFileType = sourcecode.c.h; path = XLFormImageSelectorCell.h; sourceTree = "<group>"; };
		F53A80881AA8241E00DF6D2C /* XLFormImageSelectorCell.m */ = {isa = PBXFileReference; fileEncoding = 4; lastKnownFileType = sourcecode.c.objc; path = XLFormImageSelectorCell.m; sourceTree = "<group>"; };
		F53A80891AA8241E00DF6D2C /* XLFormCustomCell.h */ = {isa = PBXFileReference; fileEncoding = 4; lastKnownFileType = sourcecode.c.h; path = XLFormCustomCell.h; sourceTree = "<group>"; };
		F53A808A1AA8241E00DF6D2C /* XLFormCustomCell.m */ = {isa = PBXFileReference; fileEncoding = 4; lastKnownFileType = sourcecode.c.objc; path = XLFormCustomCell.m; sourceTree = "<group>"; };
		F5579BA91AA5593800743495 /* user.png */ = {isa = PBXFileReference; lastKnownFileType = image.png; path = user.png; sourceTree = "<group>"; };
		F5579BAB1AA55BB600743495 /* BBSetUserViewController.h */ = {isa = PBXFileReference; fileEncoding = 4; lastKnownFileType = sourcecode.c.h; path = BBSetUserViewController.h; sourceTree = "<group>"; };
		F5579BAC1AA55BB600743495 /* BBSetUserViewController.m */ = {isa = PBXFileReference; fileEncoding = 4; lastKnownFileType = sourcecode.c.objc; path = BBSetUserViewController.m; sourceTree = "<group>"; };
		F5579BAE1AA55FF400743495 /* BBUser.h */ = {isa = PBXFileReference; fileEncoding = 4; lastKnownFileType = sourcecode.c.h; path = BBUser.h; sourceTree = "<group>"; };
		F5579BAF1AA55FF400743495 /* BBUser.m */ = {isa = PBXFileReference; fileEncoding = 4; lastKnownFileType = sourcecode.c.objc; path = BBUser.m; sourceTree = "<group>"; };
		F5579BB11AA5805900743495 /* BBChangePasswordViewController.h */ = {isa = PBXFileReference; fileEncoding = 4; lastKnownFileType = sourcecode.c.h; path = BBChangePasswordViewController.h; sourceTree = "<group>"; };
		F5579BB21AA5805900743495 /* BBChangePasswordViewController.m */ = {isa = PBXFileReference; fileEncoding = 4; lastKnownFileType = sourcecode.c.objc; path = BBChangePasswordViewController.m; sourceTree = "<group>"; };
		F5579BB41AA5876600743495 /* BBTucaoViewController.h */ = {isa = PBXFileReference; fileEncoding = 4; lastKnownFileType = sourcecode.c.h; path = BBTucaoViewController.h; sourceTree = "<group>"; };
		F5579BB51AA5876600743495 /* BBTucaoViewController.m */ = {isa = PBXFileReference; fileEncoding = 4; lastKnownFileType = sourcecode.c.objc; path = BBTucaoViewController.m; sourceTree = "<group>"; };
		F5579BB71AA590A400743495 /* BBForgetPasswordViewController.h */ = {isa = PBXFileReference; fileEncoding = 4; lastKnownFileType = sourcecode.c.h; path = BBForgetPasswordViewController.h; sourceTree = "<group>"; };
		F5579BB81AA590A400743495 /* BBForgetPasswordViewController.m */ = {isa = PBXFileReference; fileEncoding = 4; lastKnownFileType = sourcecode.c.objc; path = BBForgetPasswordViewController.m; sourceTree = "<group>"; };
		F5626DA91AA8311F00123B3D /* BBAboutmeViewController.h */ = {isa = PBXFileReference; fileEncoding = 4; lastKnownFileType = sourcecode.c.h; path = BBAboutmeViewController.h; sourceTree = "<group>"; };
		F5626DAA1AA8311F00123B3D /* BBAboutmeViewController.m */ = {isa = PBXFileReference; fileEncoding = 4; lastKnownFileType = sourcecode.c.objc; path = BBAboutmeViewController.m; sourceTree = "<group>"; };
		F567B2281AA7283600DCF521 /* BaseDetailViewController.h */ = {isa = PBXFileReference; fileEncoding = 4; lastKnownFileType = sourcecode.c.h; path = BaseDetailViewController.h; sourceTree = "<group>"; };
		F567B2291AA7283600DCF521 /* BaseDetailViewController.m */ = {isa = PBXFileReference; fileEncoding = 4; lastKnownFileType = sourcecode.c.objc; path = BaseDetailViewController.m; sourceTree = "<group>"; };
		F567B22A1AA7283600DCF521 /* BaseDetailViewController.xib */ = {isa = PBXFileReference; fileEncoding = 4; lastKnownFileType = file.xib; path = BaseDetailViewController.xib; sourceTree = "<group>"; };
		F57AC4FB1AA4541400FC4979 /* BBBookDetailViewController.h */ = {isa = PBXFileReference; fileEncoding = 4; lastKnownFileType = sourcecode.c.h; path = BBBookDetailViewController.h; sourceTree = "<group>"; };
		F57AC4FC1AA4541400FC4979 /* BBBookDetailViewController.m */ = {isa = PBXFileReference; fileEncoding = 4; lastKnownFileType = sourcecode.c.objc; path = BBBookDetailViewController.m; sourceTree = "<group>"; };
		F57AC4FD1AA4541400FC4979 /* BBBookDetailViewController.xib */ = {isa = PBXFileReference; fileEncoding = 4; lastKnownFileType = file.xib; path = BBBookDetailViewController.xib; sourceTree = "<group>"; };
		F57AC50A1AA47F1B00FC4979 /* share.png */ = {isa = PBXFileReference; lastKnownFileType = image.png; path = share.png; sourceTree = "<group>"; };
		F57AC50C1AA47F5600FC4979 /* BBUserDetailViewController.h */ = {isa = PBXFileReference; fileEncoding = 4; lastKnownFileType = sourcecode.c.h; path = BBUserDetailViewController.h; sourceTree = "<group>"; };
		F57AC50D1AA47F5600FC4979 /* BBUserDetailViewController.m */ = {isa = PBXFileReference; fileEncoding = 4; lastKnownFileType = sourcecode.c.objc; path = BBUserDetailViewController.m; sourceTree = "<group>"; };
		F57AC50E1AA47F5600FC4979 /* BBUserDetailViewController.xib */ = {isa = PBXFileReference; fileEncoding = 4; lastKnownFileType = file.xib; path = BBUserDetailViewController.xib; sourceTree = "<group>"; };
		F57AC5111AA47FB800FC4979 /* BBUserManager.h */ = {isa = PBXFileReference; fileEncoding = 4; lastKnownFileType = sourcecode.c.h; path = BBUserManager.h; sourceTree = "<group>"; };
		F57AC5121AA47FB800FC4979 /* BBUserManager.m */ = {isa = PBXFileReference; fileEncoding = 4; lastKnownFileType = sourcecode.c.objc; path = BBUserManager.m; sourceTree = "<group>"; };
		F57AC5161AA484B300FC4979 /* en */ = {isa = PBXFileReference; lastKnownFileType = text.plist.strings; name = en; path = en.lproj/UMSocialLocalizable.strings; sourceTree = "<group>"; };
		F57AC5181AA484B300FC4979 /* UMSocial.h */ = {isa = PBXFileReference; fileEncoding = 4; lastKnownFileType = sourcecode.c.h; path = UMSocial.h; sourceTree = "<group>"; };
		F57AC5191AA484B300FC4979 /* UMSocialAccountManager.h */ = {isa = PBXFileReference; fileEncoding = 4; lastKnownFileType = sourcecode.c.h; path = UMSocialAccountManager.h; sourceTree = "<group>"; };
		F57AC51A1AA484B300FC4979 /* UMSocialBar.h */ = {isa = PBXFileReference; fileEncoding = 4; lastKnownFileType = sourcecode.c.h; path = UMSocialBar.h; sourceTree = "<group>"; };
		F57AC51B1AA484B300FC4979 /* UMSocialConfig.h */ = {isa = PBXFileReference; fileEncoding = 4; lastKnownFileType = sourcecode.c.h; path = UMSocialConfig.h; sourceTree = "<group>"; };
		F57AC51C1AA484B300FC4979 /* UMSocialControllerService.h */ = {isa = PBXFileReference; fileEncoding = 4; lastKnownFileType = sourcecode.c.h; path = UMSocialControllerService.h; sourceTree = "<group>"; };
		F57AC51D1AA484B300FC4979 /* UMSocialControllerServiceComment.h */ = {isa = PBXFileReference; fileEncoding = 4; lastKnownFileType = sourcecode.c.h; path = UMSocialControllerServiceComment.h; sourceTree = "<group>"; };
		F57AC51E1AA484B300FC4979 /* UMSocialData.h */ = {isa = PBXFileReference; fileEncoding = 4; lastKnownFileType = sourcecode.c.h; path = UMSocialData.h; sourceTree = "<group>"; };
		F57AC51F1AA484B300FC4979 /* UMSocialDataService.h */ = {isa = PBXFileReference; fileEncoding = 4; lastKnownFileType = sourcecode.c.h; path = UMSocialDataService.h; sourceTree = "<group>"; };
		F57AC5201AA484B300FC4979 /* UMSocialSnsData.h */ = {isa = PBXFileReference; fileEncoding = 4; lastKnownFileType = sourcecode.c.h; path = UMSocialSnsData.h; sourceTree = "<group>"; };
		F57AC5211AA484B300FC4979 /* UMSocialSnsPlatformManager.h */ = {isa = PBXFileReference; fileEncoding = 4; lastKnownFileType = sourcecode.c.h; path = UMSocialSnsPlatformManager.h; sourceTree = "<group>"; };
		F57AC5221AA484B300FC4979 /* UMSocialSnsService.h */ = {isa = PBXFileReference; fileEncoding = 4; lastKnownFileType = sourcecode.c.h; path = UMSocialSnsService.h; sourceTree = "<group>"; };
		F57AC5231AA484B300FC4979 /* libUMSocial_Sdk_4.2.1.a */ = {isa = PBXFileReference; lastKnownFileType = archive.ar; path = libUMSocial_Sdk_4.2.1.a; sourceTree = "<group>"; };
		F57AC5251AA484B300FC4979 /* UMSCommentDetailController.xib */ = {isa = PBXFileReference; fileEncoding = 4; lastKnownFileType = file.xib; path = UMSCommentDetailController.xib; sourceTree = "<group>"; };
		F57AC5261AA484B300FC4979 /* UMSCommentInputController.xib */ = {isa = PBXFileReference; fileEncoding = 4; lastKnownFileType = file.xib; path = UMSCommentInputController.xib; sourceTree = "<group>"; };
		F57AC5271AA484B300FC4979 /* UMSCommentInputControlleriPad.xib */ = {isa = PBXFileReference; fileEncoding = 4; lastKnownFileType = file.xib; path = UMSCommentInputControlleriPad.xib; sourceTree = "<group>"; };
		F57AC5281AA484B300FC4979 /* UMShareEditViewController.xib */ = {isa = PBXFileReference; fileEncoding = 4; lastKnownFileType = file.xib; path = UMShareEditViewController.xib; sourceTree = "<group>"; };
		F57AC5291AA484B300FC4979 /* UMShareEditViewControlleriPad.xib */ = {isa = PBXFileReference; fileEncoding = 4; lastKnownFileType = file.xib; path = UMShareEditViewControlleriPad.xib; sourceTree = "<group>"; };
		F57AC52A1AA484B300FC4979 /* UMSLoginViewController.xib */ = {isa = PBXFileReference; fileEncoding = 4; lastKnownFileType = file.xib; path = UMSLoginViewController.xib; sourceTree = "<group>"; };
		F57AC52B1AA484B300FC4979 /* UMSnsAccountViewController.xib */ = {isa = PBXFileReference; fileEncoding = 4; lastKnownFileType = file.xib; path = UMSnsAccountViewController.xib; sourceTree = "<group>"; };
		F57AC52C1AA484B300FC4979 /* UMSShareListController.xib */ = {isa = PBXFileReference; fileEncoding = 4; lastKnownFileType = file.xib; path = UMSShareListController.xib; sourceTree = "<group>"; };
		F57AC52D1AA484B300FC4979 /* UMSocialSDKResourcesNew.bundle */ = {isa = PBXFileReference; lastKnownFileType = "wrapper.plug-in"; path = UMSocialSDKResourcesNew.bundle; sourceTree = "<group>"; };
		F57AC52E1AA484B300FC4979 /* zh-Hans */ = {isa = PBXFileReference; lastKnownFileType = text.plist.strings; name = "zh-Hans"; path = "zh-Hans.lproj/UMSocialLocalizable.strings"; sourceTree = "<group>"; };
		F57AC53A1AA4868400FC4979 /* BBEditBookViewController.h */ = {isa = PBXFileReference; fileEncoding = 4; lastKnownFileType = sourcecode.c.h; path = BBEditBookViewController.h; sourceTree = "<group>"; };
		F57AC53B1AA4868400FC4979 /* BBEditBookViewController.m */ = {isa = PBXFileReference; fileEncoding = 4; lastKnownFileType = sourcecode.c.objc; path = BBEditBookViewController.m; sourceTree = "<group>"; };
		F57AC53C1AA4868400FC4979 /* BBEditBookViewController.xib */ = {isa = PBXFileReference; fileEncoding = 4; lastKnownFileType = file.xib; path = BBEditBookViewController.xib; sourceTree = "<group>"; };
		F5E74CEC1A9B34880046E70F /* 布莱克书店.app */ = {isa = PBXFileReference; explicitFileType = wrapper.application; includeInIndex = 0; path = "布莱克书店.app"; sourceTree = BUILT_PRODUCTS_DIR; };
		F5E74CF01A9B34880046E70F /* Info.plist */ = {isa = PBXFileReference; lastKnownFileType = text.plist.xml; path = Info.plist; sourceTree = "<group>"; };
		F5E74CF11A9B34880046E70F /* main.m */ = {isa = PBXFileReference; lastKnownFileType = sourcecode.c.objc; path = main.m; sourceTree = "<group>"; };
		F5E74CF31A9B34880046E70F /* AppDelegate.h */ = {isa = PBXFileReference; lastKnownFileType = sourcecode.c.h; path = AppDelegate.h; sourceTree = "<group>"; };
		F5E74CF41A9B34880046E70F /* AppDelegate.m */ = {isa = PBXFileReference; lastKnownFileType = sourcecode.c.objc; path = AppDelegate.m; sourceTree = "<group>"; };
		F5E74CFF1A9B34880046E70F /* Images.xcassets */ = {isa = PBXFileReference; lastKnownFileType = folder.assetcatalog; path = Images.xcassets; sourceTree = "<group>"; };
		F5E74D021A9B34880046E70F /* Base */ = {isa = PBXFileReference; lastKnownFileType = file.xib; name = Base; path = Base.lproj/LaunchScreen.xib; sourceTree = "<group>"; };
		F5E74D081A9B34880046E70F /* BlackBooksTests.xctest */ = {isa = PBXFileReference; explicitFileType = wrapper.cfbundle; includeInIndex = 0; path = BlackBooksTests.xctest; sourceTree = BUILT_PRODUCTS_DIR; };
		F5E74D0D1A9B34880046E70F /* Info.plist */ = {isa = PBXFileReference; lastKnownFileType = text.plist.xml; path = Info.plist; sourceTree = "<group>"; };
		F5E74D0E1A9B34880046E70F /* BlackBooksTests.m */ = {isa = PBXFileReference; lastKnownFileType = sourcecode.c.objc; path = BlackBooksTests.m; sourceTree = "<group>"; };
/* End PBXFileReference section */

/* Begin PBXFrameworksBuildPhase section */
		F5E74CE91A9B34880046E70F /* Frameworks */ = {
			isa = PBXFrameworksBuildPhase;
			buildActionMask = 2147483647;
			files = (
				EB3923D9C420B2F9D3A4A65A /* libPods.a in Frameworks */,
				F57AC5301AA484B300FC4979 /* libUMSocial_Sdk_4.2.1.a in Frameworks */,
			);
			runOnlyForDeploymentPostprocessing = 0;
		};
		F5E74D051A9B34880046E70F /* Frameworks */ = {
			isa = PBXFrameworksBuildPhase;
			buildActionMask = 2147483647;
			files = (
			);
			runOnlyForDeploymentPostprocessing = 0;
		};
/* End PBXFrameworksBuildPhase section */

/* Begin PBXGroup section */
		3011DD0383D5C31851953DBB /* Frameworks */ = {
			isa = PBXGroup;
			children = (
				54F867C7B789C449B13574AF /* libPods.a */,
			);
			name = Frameworks;
			sourceTree = "<group>";
		};
		3AA6DEFE12EEEAE0F0D29193 /* Pods */ = {
			isa = PBXGroup;
			children = (
				171622898261545704640229 /* Pods.debug.xcconfig */,
				85A13BB41BB47ED5097DFA05 /* Pods.release.xcconfig */,
			);
			name = Pods;
			sourceTree = "<group>";
		};
		F52034B71AA01033007ABAF7 /* Vendors */ = {
			isa = PBXGroup;
			children = (
				F57AC5141AA484B300FC4979 /* UMSocial_Sdk_4.2.1 */,
				F52034DC1AA03BFF007ABAF7 /* btn_close_normal.png */,
				F52034DD1AA03BFF007ABAF7 /* btn_close_normal@2x.png */,
				F52034DE1AA03BFF007ABAF7 /* btn_close_selected.png */,
				F52034DF1AA03BFF007ABAF7 /* btn_close_selected@2x.png */,
				F52034E01AA03BFF007ABAF7 /* DXAlertView.h */,
				F52034E11AA03BFF007ABAF7 /* DXAlertView.m */,
				F52034B81AA010A7007ABAF7 /* RNFrostedSidebar.h */,
				F52034B91AA010A7007ABAF7 /* RNFrostedSidebar.m */,
			);
			name = Vendors;
			sourceTree = "<group>";
		};
		F52034BC1AA0135D007ABAF7 /* Resource */ = {
			isa = PBXGroup;
			children = (
				F5579BA91AA5593800743495 /* user.png */,
				F57AC50A1AA47F1B00FC4979 /* share.png */,
				F52034D71AA03429007ABAF7 /* like.png */,
				F52034CD1AA02B43007ABAF7 /* keypad.png */,
				F52034C51AA02B03007ABAF7 /* burger.png */,
				F52034C61AA02B03007ABAF7 /* burger@2x.png */,
				F52034C71AA02B03007ABAF7 /* gear.png */,
				F52034C81AA02B03007ABAF7 /* gear@2x.png */,
			);
			name = Resource;
			sourceTree = "<group>";
		};
		F52034E81AA0770D007ABAF7 /* Model */ = {
			isa = PBXGroup;
			children = (
				F52034E91AA07725007ABAF7 /* BBBook.h */,
				F52034EA1AA07725007ABAF7 /* BBBook.m */,
				F52034EC1AA07931007ABAF7 /* BBBookManager.h */,
				F52034ED1AA07931007ABAF7 /* BBBookManager.m */,
				F57AC5111AA47FB800FC4979 /* BBUserManager.h */,
				F57AC5121AA47FB800FC4979 /* BBUserManager.m */,
				F5579BAE1AA55FF400743495 /* BBUser.h */,
				F5579BAF1AA55FF400743495 /* BBUser.m */,
			);
			name = Model;
			sourceTree = "<group>";
		};
		F52034F81AA1BAE7007ABAF7 /* User's page */ = {
			isa = PBXGroup;
			children = (
				F52034F51AA1B81A007ABAF7 /* BBMyBooksViewController.h */,
				F52034F61AA1B81A007ABAF7 /* BBMyBooksViewController.m */,
				F52035101AA40060007ABAF7 /* BBAddBookViewController.h */,
				F52035111AA40060007ABAF7 /* BBAddBookViewController.m */,
				F52035121AA40060007ABAF7 /* BBAddBookViewController.xib */,
			);
			name = "User's page";
			sourceTree = "<group>";
		};
		F52034F91AA1BAF7007ABAF7 /* Homepage */ = {
			isa = PBXGroup;
			children = (
				F52034AD1A9F3D4E007ABAF7 /* BBViewController.h */,
				F52034AE1A9F3D4E007ABAF7 /* BBViewController.m */,
			);
			name = Homepage;
			sourceTree = "<group>";
		};
		F52034FA1AA1BB31007ABAF7 /* Settings */ = {
			isa = PBXGroup;
			children = (
				F5626DA81AA830F800123B3D /* About me */,
				F52034CF1AA02BE4007ABAF7 /* BBSettingsTableViewController.h */,
				F52034D01AA02BE4007ABAF7 /* BBSettingsTableViewController.m */,
				F5579BAB1AA55BB600743495 /* BBSetUserViewController.h */,
				F5579BAC1AA55BB600743495 /* BBSetUserViewController.m */,
				F5579BB11AA5805900743495 /* BBChangePasswordViewController.h */,
				F5579BB21AA5805900743495 /* BBChangePasswordViewController.m */,
				F5579BB41AA5876600743495 /* BBTucaoViewController.h */,
				F5579BB51AA5876600743495 /* BBTucaoViewController.m */,
			);
			name = Settings;
			sourceTree = "<group>";
		};
		F5626DA81AA830F800123B3D /* About me */ = {
			isa = PBXGroup;
			children = (
				F5626DA91AA8311F00123B3D /* BBAboutmeViewController.h */,
				F5626DAA1AA8311F00123B3D /* BBAboutmeViewController.m */,
			);
			name = "About me";
			sourceTree = "<group>";
		};
		F567B21F1AA7264100DCF521 /* Sections */ = {
			isa = PBXGroup;
			children = (
				F57AC4F71AA4529700FC4979 /* BookDetail */,
				F52034FA1AA1BB31007ABAF7 /* Settings */,
				F52034F91AA1BAF7007ABAF7 /* Homepage */,
				F52034F81AA1BAE7007ABAF7 /* User's page */,
				F567B2221AA7268800DCF521 /* Register */,
				F567B2211AA7267800DCF521 /* Login */,
			);
			name = Sections;
			sourceTree = "<group>";
		};
		F567B2201AA7266C00DCF521 /* General */ = {
			isa = PBXGroup;
			children = (
				F567B2261AA727A400DCF521 /* Custom UI */,
			);
			name = General;
			sourceTree = "<group>";
		};
		F567B2211AA7267800DCF521 /* Login */ = {
			isa = PBXGroup;
			children = (
				F52034D21AA030AC007ABAF7 /* BBLoginViewController.h */,
				F52034D31AA030AC007ABAF7 /* BBLoginViewController.m */,
				F5579BB71AA590A400743495 /* BBForgetPasswordViewController.h */,
				F5579BB81AA590A400743495 /* BBForgetPasswordViewController.m */,
			);
			name = Login;
			sourceTree = "<group>";
		};
		F567B2221AA7268800DCF521 /* Register */ = {
			isa = PBXGroup;
			children = (
				F52034B21A9F4935007ABAF7 /* BBRegisterViewController.h */,
				F52034B31A9F4935007ABAF7 /* BBRegisterViewController.m */,
			);
			name = Register;
			sourceTree = "<group>";
		};
		F567B2241AA7278100DCF521 /* Edit book detail */ = {
			isa = PBXGroup;
			children = (
				F57AC53A1AA4868400FC4979 /* BBEditBookViewController.h */,
				F57AC53B1AA4868400FC4979 /* BBEditBookViewController.m */,
				F57AC53C1AA4868400FC4979 /* BBEditBookViewController.xib */,
			);
			name = "Edit book detail";
			sourceTree = "<group>";
		};
		F567B2251AA7278C00DCF521 /* Book owner detail */ = {
			isa = PBXGroup;
			children = (
				F57AC50C1AA47F5600FC4979 /* BBUserDetailViewController.h */,
				F57AC50D1AA47F5600FC4979 /* BBUserDetailViewController.m */,
				F57AC50E1AA47F5600FC4979 /* BBUserDetailViewController.xib */,
			);
			name = "Book owner detail";
			sourceTree = "<group>";
		};
		F567B2261AA727A400DCF521 /* Custom UI */ = {
			isa = PBXGroup;
			children = (
				F53A80871AA8241E00DF6D2C /* XLFormImageSelectorCell.h */,
				F53A80881AA8241E00DF6D2C /* XLFormImageSelectorCell.m */,
				F53A80891AA8241E00DF6D2C /* XLFormCustomCell.h */,
				F53A808A1AA8241E00DF6D2C /* XLFormCustomCell.m */,
				F567B2271AA727FA00DCF521 /* Detail VC */,
			);
			name = "Custom UI";
			sourceTree = "<group>";
		};
		F567B2271AA727FA00DCF521 /* Detail VC */ = {
			isa = PBXGroup;
			children = (
				F567B2281AA7283600DCF521 /* BaseDetailViewController.h */,
				F567B2291AA7283600DCF521 /* BaseDetailViewController.m */,
				F567B22A1AA7283600DCF521 /* BaseDetailViewController.xib */,
			);
			name = "Detail VC";
			sourceTree = "<group>";
		};
		F57AC4F71AA4529700FC4979 /* BookDetail */ = {
			isa = PBXGroup;
			children = (
				F567B2251AA7278C00DCF521 /* Book owner detail */,
				F567B2241AA7278100DCF521 /* Edit book detail */,
				F57AC4FB1AA4541400FC4979 /* BBBookDetailViewController.h */,
				F57AC4FC1AA4541400FC4979 /* BBBookDetailViewController.m */,
				F57AC4FD1AA4541400FC4979 /* BBBookDetailViewController.xib */,
			);
			name = BookDetail;
			sourceTree = "<group>";
		};
		F57AC5141AA484B300FC4979 /* UMSocial_Sdk_4.2.1 */ = {
			isa = PBXGroup;
			children = (
				F57AC5151AA484B300FC4979 /* UMSocialLocalizable.strings */,
				F57AC5171AA484B300FC4979 /* Header */,
				F57AC5231AA484B300FC4979 /* libUMSocial_Sdk_4.2.1.a */,
				F57AC5241AA484B300FC4979 /* SocialSDKXib */,
				F57AC52D1AA484B300FC4979 /* UMSocialSDKResourcesNew.bundle */,
			);
			path = UMSocial_Sdk_4.2.1;
			sourceTree = "<group>";
		};
		F57AC5171AA484B300FC4979 /* Header */ = {
			isa = PBXGroup;
			children = (
				F57AC5181AA484B300FC4979 /* UMSocial.h */,
				F57AC5191AA484B300FC4979 /* UMSocialAccountManager.h */,
				F57AC51A1AA484B300FC4979 /* UMSocialBar.h */,
				F57AC51B1AA484B300FC4979 /* UMSocialConfig.h */,
				F57AC51C1AA484B300FC4979 /* UMSocialControllerService.h */,
				F57AC51D1AA484B300FC4979 /* UMSocialControllerServiceComment.h */,
				F57AC51E1AA484B300FC4979 /* UMSocialData.h */,
				F57AC51F1AA484B300FC4979 /* UMSocialDataService.h */,
				F57AC5201AA484B300FC4979 /* UMSocialSnsData.h */,
				F57AC5211AA484B300FC4979 /* UMSocialSnsPlatformManager.h */,
				F57AC5221AA484B300FC4979 /* UMSocialSnsService.h */,
			);
			path = Header;
			sourceTree = "<group>";
		};
		F57AC5241AA484B300FC4979 /* SocialSDKXib */ = {
			isa = PBXGroup;
			children = (
				F57AC5251AA484B300FC4979 /* UMSCommentDetailController.xib */,
				F57AC5261AA484B300FC4979 /* UMSCommentInputController.xib */,
				F57AC5271AA484B300FC4979 /* UMSCommentInputControlleriPad.xib */,
				F57AC5281AA484B300FC4979 /* UMShareEditViewController.xib */,
				F57AC5291AA484B300FC4979 /* UMShareEditViewControlleriPad.xib */,
				F57AC52A1AA484B300FC4979 /* UMSLoginViewController.xib */,
				F57AC52B1AA484B300FC4979 /* UMSnsAccountViewController.xib */,
				F57AC52C1AA484B300FC4979 /* UMSShareListController.xib */,
			);
			path = SocialSDKXib;
			sourceTree = "<group>";
		};
		F5E74CE31A9B34880046E70F = {
			isa = PBXGroup;
			children = (
				F5E74CEE1A9B34880046E70F /* BlackBooks */,
				F5E74D0B1A9B34880046E70F /* BlackBooksTests */,
				F5E74CED1A9B34880046E70F /* Products */,
				3AA6DEFE12EEEAE0F0D29193 /* Pods */,
				3011DD0383D5C31851953DBB /* Frameworks */,
			);
			sourceTree = "<group>";
		};
		F5E74CED1A9B34880046E70F /* Products */ = {
			isa = PBXGroup;
			children = (
				F5E74CEC1A9B34880046E70F /* 布莱克书店.app */,
				F5E74D081A9B34880046E70F /* BlackBooksTests.xctest */,
			);
			name = Products;
			sourceTree = "<group>";
		};
		F5E74CEE1A9B34880046E70F /* BlackBooks */ = {
			isa = PBXGroup;
			children = (
				F567B2201AA7266C00DCF521 /* General */,
				F567B21F1AA7264100DCF521 /* Sections */,
				F52034E81AA0770D007ABAF7 /* Model */,
				F52034BC1AA0135D007ABAF7 /* Resource */,
				F52034B71AA01033007ABAF7 /* Vendors */,
				F5E74CF31A9B34880046E70F /* AppDelegate.h */,
				F5E74CF41A9B34880046E70F /* AppDelegate.m */,
				F5E74CFF1A9B34880046E70F /* Images.xcassets */,
				F5E74D011A9B34880046E70F /* LaunchScreen.xib */,
				F5E74CEF1A9B34880046E70F /* Supporting Files */,
			);
			path = BlackBooks;
			sourceTree = "<group>";
		};
		F5E74CEF1A9B34880046E70F /* Supporting Files */ = {
			isa = PBXGroup;
			children = (
				F5E74CF01A9B34880046E70F /* Info.plist */,
				F5E74CF11A9B34880046E70F /* main.m */,
			);
			name = "Supporting Files";
			sourceTree = "<group>";
		};
		F5E74D0B1A9B34880046E70F /* BlackBooksTests */ = {
			isa = PBXGroup;
			children = (
				F5E74D0E1A9B34880046E70F /* BlackBooksTests.m */,
				F5E74D0C1A9B34880046E70F /* Supporting Files */,
			);
			path = BlackBooksTests;
			sourceTree = "<group>";
		};
		F5E74D0C1A9B34880046E70F /* Supporting Files */ = {
			isa = PBXGroup;
			children = (
				F5E74D0D1A9B34880046E70F /* Info.plist */,
			);
			name = "Supporting Files";
			sourceTree = "<group>";
		};
/* End PBXGroup section */

/* Begin PBXNativeTarget section */
		F5E74CEB1A9B34880046E70F /* BlackBooks */ = {
			isa = PBXNativeTarget;
			buildConfigurationList = F5E74D121A9B34880046E70F /* Build configuration list for PBXNativeTarget "BlackBooks" */;
			buildPhases = (
				0AF9B3EF3F8092A9666D745C /* Check Pods Manifest.lock */,
				F5E74CE81A9B34880046E70F /* Sources */,
				F5E74CE91A9B34880046E70F /* Frameworks */,
				F5E74CEA1A9B34880046E70F /* Resources */,
				1838FF0482AFD4F9F2FBA94A /* Copy Pods Resources */,
			);
			buildRules = (
			);
			dependencies = (
			);
			name = BlackBooks;
			productName = BlackBooks;
			productReference = F5E74CEC1A9B34880046E70F /* 布莱克书店.app */;
			productType = "com.apple.product-type.application";
		};
		F5E74D071A9B34880046E70F /* BlackBooksTests */ = {
			isa = PBXNativeTarget;
			buildConfigurationList = F5E74D151A9B34880046E70F /* Build configuration list for PBXNativeTarget "BlackBooksTests" */;
			buildPhases = (
				F5E74D041A9B34880046E70F /* Sources */,
				F5E74D051A9B34880046E70F /* Frameworks */,
				F5E74D061A9B34880046E70F /* Resources */,
			);
			buildRules = (
			);
			dependencies = (
				F5E74D0A1A9B34880046E70F /* PBXTargetDependency */,
			);
			name = BlackBooksTests;
			productName = BlackBooksTests;
			productReference = F5E74D081A9B34880046E70F /* BlackBooksTests.xctest */;
			productType = "com.apple.product-type.bundle.unit-test";
		};
/* End PBXNativeTarget section */

/* Begin PBXProject section */
		F5E74CE41A9B34880046E70F /* Project object */ = {
			isa = PBXProject;
			attributes = {
				LastUpgradeCheck = 0610;
				ORGANIZATIONNAME = com.markselby;
				TargetAttributes = {
					F5E74CEB1A9B34880046E70F = {
						CreatedOnToolsVersion = 6.1.1;
						DevelopmentTeam = 27XTH99EMK;
					};
					F5E74D071A9B34880046E70F = {
						CreatedOnToolsVersion = 6.1.1;
						TestTargetID = F5E74CEB1A9B34880046E70F;
					};
				};
			};
			buildConfigurationList = F5E74CE71A9B34880046E70F /* Build configuration list for PBXProject "BlackBooks" */;
			compatibilityVersion = "Xcode 3.2";
			developmentRegion = English;
			hasScannedForEncodings = 0;
			knownRegions = (
				en,
				Base,
				"zh-Hans",
			);
			mainGroup = F5E74CE31A9B34880046E70F;
			productRefGroup = F5E74CED1A9B34880046E70F /* Products */;
			projectDirPath = "";
			projectRoot = "";
			targets = (
				F5E74CEB1A9B34880046E70F /* BlackBooks */,
				F5E74D071A9B34880046E70F /* BlackBooksTests */,
			);
		};
/* End PBXProject section */

/* Begin PBXResourcesBuildPhase section */
		F5E74CEA1A9B34880046E70F /* Resources */ = {
			isa = PBXResourcesBuildPhase;
			buildActionMask = 2147483647;
			files = (
				F57AC5321AA484B300FC4979 /* UMSCommentInputController.xib in Resources */,
				F57AC53E1AA4868400FC4979 /* BBEditBookViewController.xib in Resources */,
				F57AC4FF1AA4541400FC4979 /* BBBookDetailViewController.xib in Resources */,
				F57AC5341AA484B300FC4979 /* UMShareEditViewController.xib in Resources */,
				F52034E31AA03BFF007ABAF7 /* btn_close_normal@2x.png in Resources */,
				F52035141AA40060007ABAF7 /* BBAddBookViewController.xib in Resources */,
				F57AC5391AA484B300FC4979 /* UMSocialSDKResourcesNew.bundle in Resources */,
				F57AC5101AA47F5600FC4979 /* BBUserDetailViewController.xib in Resources */,
				F57AC5371AA484B300FC4979 /* UMSnsAccountViewController.xib in Resources */,
				F52034CC1AA02B03007ABAF7 /* gear@2x.png in Resources */,
				F57AC5311AA484B300FC4979 /* UMSCommentDetailController.xib in Resources */,
				F52034C91AA02B03007ABAF7 /* burger.png in Resources */,
				F57AC5331AA484B300FC4979 /* UMSCommentInputControlleriPad.xib in Resources */,
				F52034CE1AA02B43007ABAF7 /* keypad.png in Resources */,
				F567B22C1AA7283600DCF521 /* BaseDetailViewController.xib in Resources */,
				F52034E41AA03BFF007ABAF7 /* btn_close_selected.png in Resources */,
				F57AC5351AA484B300FC4979 /* UMShareEditViewControlleriPad.xib in Resources */,
				F52034E51AA03BFF007ABAF7 /* btn_close_selected@2x.png in Resources */,
				F57AC5381AA484B300FC4979 /* UMSShareListController.xib in Resources */,
				F5579BAA1AA5593800743495 /* user.png in Resources */,
				F57AC50B1AA47F1B00FC4979 /* share.png in Resources */,
				F57AC52F1AA484B300FC4979 /* UMSocialLocalizable.strings in Resources */,
				F52034CB1AA02B03007ABAF7 /* gear.png in Resources */,
				F57AC5361AA484B300FC4979 /* UMSLoginViewController.xib in Resources */,
				F52034D81AA03429007ABAF7 /* like.png in Resources */,
				F5E74D031A9B34880046E70F /* LaunchScreen.xib in Resources */,
				F52034CA1AA02B03007ABAF7 /* burger@2x.png in Resources */,
				F52034E21AA03BFF007ABAF7 /* btn_close_normal.png in Resources */,
				F5E74D001A9B34880046E70F /* Images.xcassets in Resources */,
			);
			runOnlyForDeploymentPostprocessing = 0;
		};
		F5E74D061A9B34880046E70F /* Resources */ = {
			isa = PBXResourcesBuildPhase;
			buildActionMask = 2147483647;
			files = (
			);
			runOnlyForDeploymentPostprocessing = 0;
		};
/* End PBXResourcesBuildPhase section */

/* Begin PBXShellScriptBuildPhase section */
		0AF9B3EF3F8092A9666D745C /* Check Pods Manifest.lock */ = {
			isa = PBXShellScriptBuildPhase;
			buildActionMask = 2147483647;
			files = (
			);
			inputPaths = (
			);
			name = "Check Pods Manifest.lock";
			outputPaths = (
			);
			runOnlyForDeploymentPostprocessing = 0;
			shellPath = /bin/sh;
			shellScript = "diff \"${PODS_ROOT}/../Podfile.lock\" \"${PODS_ROOT}/Manifest.lock\" > /dev/null\nif [[ $? != 0 ]] ; then\n    cat << EOM\nerror: The sandbox is not in sync with the Podfile.lock. Run 'pod install' or update your CocoaPods installation.\nEOM\n    exit 1\nfi\n";
			showEnvVarsInLog = 0;
		};
		1838FF0482AFD4F9F2FBA94A /* Copy Pods Resources */ = {
			isa = PBXShellScriptBuildPhase;
			buildActionMask = 2147483647;
			files = (
			);
			inputPaths = (
			);
			name = "Copy Pods Resources";
			outputPaths = (
			);
			runOnlyForDeploymentPostprocessing = 0;
			shellPath = /bin/sh;
			shellScript = "\"${SRCROOT}/Pods/Target Support Files/Pods/Pods-resources.sh\"\n";
			showEnvVarsInLog = 0;
		};
/* End PBXShellScriptBuildPhase section */

/* Begin PBXSourcesBuildPhase section */
		F5E74CE81A9B34880046E70F /* Sources */ = {
			isa = PBXSourcesBuildPhase;
			buildActionMask = 2147483647;
			files = (
				F5579BAD1AA55BB600743495 /* BBSetUserViewController.m in Sources */,
				F52034EB1AA07725007ABAF7 /* BBBook.m in Sources */,
				F52034B01A9F3D4E007ABAF7 /* BBViewController.m in Sources */,
				F52034BA1AA010A7007ABAF7 /* RNFrostedSidebar.m in Sources */,
				F52034F71AA1B81A007ABAF7 /* BBMyBooksViewController.m in Sources */,
				F52034B51A9F4935007ABAF7 /* BBRegisterViewController.m in Sources */,
				F5579BB31AA5805900743495 /* BBChangePasswordViewController.m in Sources */,
				F57AC4FE1AA4541400FC4979 /* BBBookDetailViewController.m in Sources */,
				F5E74CF51A9B34880046E70F /* AppDelegate.m in Sources */,
				F52034D11AA02BE4007ABAF7 /* BBSettingsTableViewController.m in Sources */,
				F5579BB01AA55FF400743495 /* BBUser.m in Sources */,
				F57AC5131AA47FB800FC4979 /* BBUserManager.m in Sources */,
				F57AC53D1AA4868400FC4979 /* BBEditBookViewController.m in Sources */,
				F53A808B1AA8241E00DF6D2C /* XLFormImageSelectorCell.m in Sources */,
				F5E74CF21A9B34880046E70F /* main.m in Sources */,
				F52034D51AA030AC007ABAF7 /* BBLoginViewController.m in Sources */,
				F5626DAB1AA8311F00123B3D /* BBAboutmeViewController.m in Sources */,
				F53A808C1AA8241E00DF6D2C /* XLFormCustomCell.m in Sources */,
				F52034EE1AA07931007ABAF7 /* BBBookManager.m in Sources */,
				F5579BB61AA5876600743495 /* BBTucaoViewController.m in Sources */,
				F5579BB91AA590A400743495 /* BBForgetPasswordViewController.m in Sources */,
				F567B22B1AA7283600DCF521 /* BaseDetailViewController.m in Sources */,
				F57AC50F1AA47F5600FC4979 /* BBUserDetailViewController.m in Sources */,
				F52034E61AA03BFF007ABAF7 /* DXAlertView.m in Sources */,
				F52035131AA40060007ABAF7 /* BBAddBookViewController.m in Sources */,
			);
			runOnlyForDeploymentPostprocessing = 0;
		};
		F5E74D041A9B34880046E70F /* Sources */ = {
			isa = PBXSourcesBuildPhase;
			buildActionMask = 2147483647;
			files = (
				F5E74D0F1A9B34880046E70F /* BlackBooksTests.m in Sources */,
			);
			runOnlyForDeploymentPostprocessing = 0;
		};
/* End PBXSourcesBuildPhase section */

/* Begin PBXTargetDependency section */
		F5E74D0A1A9B34880046E70F /* PBXTargetDependency */ = {
			isa = PBXTargetDependency;
			target = F5E74CEB1A9B34880046E70F /* BlackBooks */;
			targetProxy = F5E74D091A9B34880046E70F /* PBXContainerItemProxy */;
		};
/* End PBXTargetDependency section */

/* Begin PBXVariantGroup section */
		F57AC5151AA484B300FC4979 /* UMSocialLocalizable.strings */ = {
			isa = PBXVariantGroup;
			children = (
				F57AC5161AA484B300FC4979 /* en */,
				F57AC52E1AA484B300FC4979 /* zh-Hans */,
			);
			name = UMSocialLocalizable.strings;
			sourceTree = "<group>";
		};
		F5E74D011A9B34880046E70F /* LaunchScreen.xib */ = {
			isa = PBXVariantGroup;
			children = (
				F5E74D021A9B34880046E70F /* Base */,
			);
			name = LaunchScreen.xib;
			sourceTree = "<group>";
		};
/* End PBXVariantGroup section */

/* Begin XCBuildConfiguration section */
		F5E74D101A9B34880046E70F /* Debug */ = {
			isa = XCBuildConfiguration;
			buildSettings = {
				ALWAYS_SEARCH_USER_PATHS = NO;
				CLANG_CXX_LANGUAGE_STANDARD = "gnu++0x";
				CLANG_CXX_LIBRARY = "libc++";
				CLANG_ENABLE_MODULES = YES;
				CLANG_ENABLE_OBJC_ARC = YES;
				CLANG_WARN_BOOL_CONVERSION = YES;
				CLANG_WARN_CONSTANT_CONVERSION = YES;
				CLANG_WARN_DIRECT_OBJC_ISA_USAGE = YES_ERROR;
				CLANG_WARN_EMPTY_BODY = YES;
				CLANG_WARN_ENUM_CONVERSION = YES;
				CLANG_WARN_INT_CONVERSION = YES;
				CLANG_WARN_OBJC_ROOT_CLASS = YES_ERROR;
				CLANG_WARN_UNREACHABLE_CODE = YES;
				CLANG_WARN__DUPLICATE_METHOD_MATCH = YES;
				"CODE_SIGN_IDENTITY[sdk=iphoneos*]" = "iPhone Developer";
				COPY_PHASE_STRIP = NO;
				ENABLE_STRICT_OBJC_MSGSEND = YES;
				GCC_C_LANGUAGE_STANDARD = gnu99;
				GCC_DYNAMIC_NO_PIC = NO;
				GCC_OPTIMIZATION_LEVEL = 0;
				GCC_PREPROCESSOR_DEFINITIONS = (
					"DEBUG=1",
					"$(inherited)",
				);
				GCC_SYMBOLS_PRIVATE_EXTERN = NO;
				GCC_WARN_64_TO_32_BIT_CONVERSION = YES;
				GCC_WARN_ABOUT_RETURN_TYPE = YES_ERROR;
				GCC_WARN_UNDECLARED_SELECTOR = YES;
				GCC_WARN_UNINITIALIZED_AUTOS = YES_AGGRESSIVE;
				GCC_WARN_UNUSED_FUNCTION = YES;
				GCC_WARN_UNUSED_VARIABLE = YES;
				IPHONEOS_DEPLOYMENT_TARGET = 8.1;
				MTL_ENABLE_DEBUG_INFO = YES;
				ONLY_ACTIVE_ARCH = YES;
				SDKROOT = iphoneos;
			};
			name = Debug;
		};
		F5E74D111A9B34880046E70F /* Release */ = {
			isa = XCBuildConfiguration;
			buildSettings = {
				ALWAYS_SEARCH_USER_PATHS = NO;
				CLANG_CXX_LANGUAGE_STANDARD = "gnu++0x";
				CLANG_CXX_LIBRARY = "libc++";
				CLANG_ENABLE_MODULES = YES;
				CLANG_ENABLE_OBJC_ARC = YES;
				CLANG_WARN_BOOL_CONVERSION = YES;
				CLANG_WARN_CONSTANT_CONVERSION = YES;
				CLANG_WARN_DIRECT_OBJC_ISA_USAGE = YES_ERROR;
				CLANG_WARN_EMPTY_BODY = YES;
				CLANG_WARN_ENUM_CONVERSION = YES;
				CLANG_WARN_INT_CONVERSION = YES;
				CLANG_WARN_OBJC_ROOT_CLASS = YES_ERROR;
				CLANG_WARN_UNREACHABLE_CODE = YES;
				CLANG_WARN__DUPLICATE_METHOD_MATCH = YES;
				"CODE_SIGN_IDENTITY[sdk=iphoneos*]" = "iPhone Developer";
				COPY_PHASE_STRIP = YES;
				ENABLE_NS_ASSERTIONS = NO;
				ENABLE_STRICT_OBJC_MSGSEND = YES;
				GCC_C_LANGUAGE_STANDARD = gnu99;
				GCC_WARN_64_TO_32_BIT_CONVERSION = YES;
				GCC_WARN_ABOUT_RETURN_TYPE = YES_ERROR;
				GCC_WARN_UNDECLARED_SELECTOR = YES;
				GCC_WARN_UNINITIALIZED_AUTOS = YES_AGGRESSIVE;
				GCC_WARN_UNUSED_FUNCTION = YES;
				GCC_WARN_UNUSED_VARIABLE = YES;
				IPHONEOS_DEPLOYMENT_TARGET = 8.1;
				MTL_ENABLE_DEBUG_INFO = NO;
				SDKROOT = iphoneos;
				VALIDATE_PRODUCT = YES;
			};
			name = Release;
		};
		F5E74D131A9B34880046E70F /* Debug */ = {
			isa = XCBuildConfiguration;
			baseConfigurationReference = 171622898261545704640229 /* Pods.debug.xcconfig */;
			buildSettings = {
				ASSETCATALOG_COMPILER_APPICON_NAME = AppIcon;
				CODE_SIGN_IDENTITY = "iPhone Developer";
				"CODE_SIGN_IDENTITY[sdk=iphoneos*]" = "iPhone Developer";
				INFOPLIST_FILE = BlackBooks/Info.plist;
				LD_RUNPATH_SEARCH_PATHS = "$(inherited) @executable_path/Frameworks";
				LIBRARY_SEARCH_PATHS = (
					"$(inherited)",
					"$(PROJECT_DIR)/BlackBooks/UMSocial_Sdk_4.2.1",
				);
				PRODUCT_NAME = "布莱克书店";
				PROVISIONING_PROFILE = "";
			};
			name = Debug;
		};
		F5E74D141A9B34880046E70F /* Release */ = {
			isa = XCBuildConfiguration;
			baseConfigurationReference = 85A13BB41BB47ED5097DFA05 /* Pods.release.xcconfig */;
			buildSettings = {
				ASSETCATALOG_COMPILER_APPICON_NAME = AppIcon;
				CODE_SIGN_IDENTITY = "iPhone Developer";
				"CODE_SIGN_IDENTITY[sdk=iphoneos*]" = "iPhone Developer";
				INFOPLIST_FILE = BlackBooks/Info.plist;
				LD_RUNPATH_SEARCH_PATHS = "$(inherited) @executable_path/Frameworks";
				LIBRARY_SEARCH_PATHS = (
					"$(inherited)",
					"$(PROJECT_DIR)/BlackBooks/UMSocial_Sdk_4.2.1",
				);
				PRODUCT_NAME = "布莱克书店";
				PROVISIONING_PROFILE = "";
			};
			name = Release;
		};
		F5E74D161A9B34880046E70F /* Debug */ = {
			isa = XCBuildConfiguration;
			buildSettings = {
				BUNDLE_LOADER = "$(TEST_HOST)";
				FRAMEWORK_SEARCH_PATHS = (
					"$(SDKROOT)/Developer/Library/Frameworks",
					"$(inherited)",
				);
				GCC_PREPROCESSOR_DEFINITIONS = (
					"DEBUG=1",
					"$(inherited)",
				);
				INFOPLIST_FILE = BlackBooksTests/Info.plist;
				LD_RUNPATH_SEARCH_PATHS = "$(inherited) @executable_path/Frameworks @loader_path/Frameworks";
				PRODUCT_NAME = "$(TARGET_NAME)";
				TEST_HOST = "$(BUILT_PRODUCTS_DIR)/BlackBooks.app/BlackBooks";
			};
			name = Debug;
		};
		F5E74D171A9B34880046E70F /* Release */ = {
			isa = XCBuildConfiguration;
			buildSettings = {
				BUNDLE_LOADER = "$(TEST_HOST)";
				FRAMEWORK_SEARCH_PATHS = (
					"$(SDKROOT)/Developer/Library/Frameworks",
					"$(inherited)",
				);
				INFOPLIST_FILE = BlackBooksTests/Info.plist;
				LD_RUNPATH_SEARCH_PATHS = "$(inherited) @executable_path/Frameworks @loader_path/Frameworks";
				PRODUCT_NAME = "$(TARGET_NAME)";
				TEST_HOST = "$(BUILT_PRODUCTS_DIR)/BlackBooks.app/BlackBooks";
			};
			name = Release;
		};
/* End XCBuildConfiguration section */

/* Begin XCConfigurationList section */
		F5E74CE71A9B34880046E70F /* Build configuration list for PBXProject "BlackBooks" */ = {
			isa = XCConfigurationList;
			buildConfigurations = (
				F5E74D101A9B34880046E70F /* Debug */,
				F5E74D111A9B34880046E70F /* Release */,
			);
			defaultConfigurationIsVisible = 0;
			defaultConfigurationName = Release;
		};
		F5E74D121A9B34880046E70F /* Build configuration list for PBXNativeTarget "BlackBooks" */ = {
			isa = XCConfigurationList;
			buildConfigurations = (
				F5E74D131A9B34880046E70F /* Debug */,
				F5E74D141A9B34880046E70F /* Release */,
			);
			defaultConfigurationIsVisible = 0;
			defaultConfigurationName = Release;
		};
		F5E74D151A9B34880046E70F /* Build configuration list for PBXNativeTarget "BlackBooksTests" */ = {
			isa = XCConfigurationList;
			buildConfigurations = (
				F5E74D161A9B34880046E70F /* Debug */,
				F5E74D171A9B34880046E70F /* Release */,
			);
			defaultConfigurationIsVisible = 0;
			defaultConfigurationName = Release;
		};
/* End XCConfigurationList section */
	};
	rootObject = F5E74CE41A9B34880046E70F /* Project object */;
}
